
Microsoft Visual Studio Solution File, Format Version 12.00
# Visual Studio Version 17
VisualStudioVersion = 17.3.32819.101
MinimumVisualStudioVersion = 10.0.40219.1
Project("{9A19103F-16F7-4668-BE54-9A1E7A4F7556}") = "CoreBlog", "CoreBlog\CoreBlog.csproj", "{20D8FE26-79D7-4C59-938C-315891891968}"
EndProject
Project("{FAE04EC0-301F-11D3-BF4B-00C04F79EFBC}") = "EntityLayer", "EntityLayer\EntityLayer.csproj", "{1337EBBE-C890-4218-922A-F95C483301BF}"
EndProject
Project("{FAE04EC0-301F-11D3-BF4B-00C04F79EFBC}") = "DataAccessLayer", "DataAccessLayer\DataAccessLayer.csproj", "{68A341F8-92D5-4CB8-9580-0CBD75BEA281}"
EndProject
Project("{FAE04EC0-301F-11D3-BF4B-00C04F79EFBC}") = "BusinessLayer", "BusinessLayer\BusinessLayer.csproj", "{0D0C7983-7BF6-4599-A822-6D411C6B032D}"
EndProject
Project("{FAE04EC0-301F-11D3-BF4B-00C04F79EFBC}") = "CoreLayer", "CoreLayer\CoreLayer.csproj", "{D24F0C4D-C4BE-48EE-9617-3CEB351937D7}"
EndProject
Global
	GlobalSection(SolutionConfigurationPlatforms) = preSolution
		Debug|Any CPU = Debug|Any CPU
		Release|Any CPU = Release|Any CPU
	EndGlobalSection
	GlobalSection(ProjectConfigurationPlatforms) = postSolution
		{20D8FE26-79D7-4C59-938C-315891891968}.Debug|Any CPU.ActiveCfg = Debug|Any CPU
		{20D8FE26-79D7-4C59-938C-315891891968}.Debug|Any CPU.Build.0 = Debug|Any CPU
		{20D8FE26-79D7-4C59-938C-315891891968}.Release|Any CPU.ActiveCfg = Release|Any CPU
		{20D8FE26-79D7-4C59-938C-315891891968}.Release|Any CPU.Build.0 = Release|Any CPU
		{1337EBBE-C890-4218-922A-F95C483301BF}.Debug|Any CPU.ActiveCfg = Debug|Any CPU
		{1337EBBE-C890-4218-922A-F95C483301BF}.Debug|Any CPU.Build.0 = Debug|Any CPU
		{1337EBBE-C890-4218-922A-F95C483301BF}.Release|Any CPU.ActiveCfg = Release|Any CPU
		{1337EBBE-C890-4218-922A-F95C483301BF}.Release|Any CPU.Build.0 = Release|Any CPU
		{68A341F8-92D5-4CB8-9580-0CBD75BEA281}.Debug|Any CPU.ActiveCfg = Debug|Any CPU
		{68A341F8-92D5-4CB8-9580-0CBD75BEA281}.Debug|Any CPU.Build.0 = Debug|Any CPU
		{68A341F8-92D5-4CB8-9580-0CBD75BEA281}.Release|Any CPU.ActiveCfg = Release|Any CPU
		{68A341F8-92D5-4CB8-9580-0CBD75BEA281}.Release|Any CPU.Build.0 = Release|Any CPU
		{0D0C7983-7BF6-4599-A822-6D411C6B032D}.Debug|Any CPU.ActiveCfg = Debug|Any CPU
		{0D0C7983-7BF6-4599-A822-6D411C6B032D}.Debug|Any CPU.Build.0 = Debug|Any CPU
		{0D0C7983-7BF6-4599-A822-6D411C6B032D}.Release|Any CPU.ActiveCfg = Release|Any CPU
		{0D0C7983-7BF6-4599-A822-6D411C6B032D}.Release|Any CPU.Build.0 = Release|Any CPU
		{D24F0C4D-C4BE-48EE-9617-3CEB351937D7}.Debug|Any CPU.ActiveCfg = Debug|Any CPU
		{D24F0C4D-C4BE-48EE-9617-3CEB351937D7}.Debug|Any CPU.Build.0 = Debug|Any CPU
		{D24F0C4D-C4BE-48EE-9617-3CEB351937D7}.Release|Any CPU.ActiveCfg = Release|Any CPU
		{D24F0C4D-C4BE-48EE-9617-3CEB351937D7}.Release|Any CPU.Build.0 = Release|Any CPU
	EndGlobalSection
	GlobalSection(SolutionProperties) = preSolution
		HideSolutionNode = FALSE
	EndGlobalSection
	GlobalSection(ExtensibilityGlobals) = postSolution
		SolutionGuid = {F78441F7-E2F3-4676-AC4E-43A532AA901A}
	EndGlobalSection
EndGlobal
